PODS:
  - IBMMobileFirstPlatformFoundation (8.0.137)
  - IBMMobileFirstPlatformFoundationOpenSSLUtils (8.0.137)

DEPENDENCIES:
  - IBMMobileFirstPlatformFoundation
  - IBMMobileFirstPlatformFoundationOpenSSLUtils

SPEC CHECKSUMS:
  IBMMobileFirstPlatformFoundation: d0ff52f61fc59f2825a3f34782ea0ab6ff341a55
  IBMMobileFirstPlatformFoundationOpenSSLUtils: 5b11452b62bc213ec4597856431955896c3fb363

COCOAPODS: 0.39.0
